
Microsoft Visual Studio Solution File, Format Version 12.00
# Visual Studio Version 17
VisualStudioVersion = 17.0.32112.339
MinimumVisualStudioVersion = 10.0.40219.1
Project("{9A19103F-16F7-4668-BE54-9A1E7A4F7556}") = "GreetingService.Core", "GreetingService.Core\GreetingService.Core.csproj", "{D60C0EC1-7756-478A-90E1-0D1ADD601A45}"
EndProject
Project("{9A19103F-16F7-4668-BE54-9A1E7A4F7556}") = "GreetingService.Infrastructure", "GreetingService.Infrastructure\GreetingService.Infrastructure.csproj", "{0B9E3614-C38D-4737-A464-0CCDEABBE30C}"
EndProject
Project("{9A19103F-16F7-4668-BE54-9A1E7A4F7556}") = "GreetingService.Infrastructure.Test", "GreetingService.Infrastructure.Test\GreetingService.Infrastructure.Test.csproj", "{0F1994CE-5D85-4BFD-B7A5-2A37F2E2467C}"
EndProject
Project("{9A19103F-16F7-4668-BE54-9A1E7A4F7556}") = "GreetingService.API.Client", "GreetingService.API.Client\GreetingService.API.Client\GreetingService.API.Client.csproj", "{B90219D7-361E-4974-AC5F-9DFBFFA65A06}"
EndProject
Project("{9A19103F-16F7-4668-BE54-9A1E7A4F7556}") = "GreetingService.API", "GreetingService.API\GreetingService.API.csproj", "{402443ED-6A5A-472D-979A-C0096F83E687}"
EndProject
Project("{9A19103F-16F7-4668-BE54-9A1E7A4F7556}") = "GreetingService.API.Function", "GreetingService.API.Function\GreetingService.API.Function.csproj", "{3B3B514B-4B52-46D7-8A23-A2A252D450C6}"
EndProject
Global
	GlobalSection(SolutionConfigurationPlatforms) = preSolution
		Debug|Any CPU = Debug|Any CPU
		Release|Any CPU = Release|Any CPU
	EndGlobalSection
	GlobalSection(ProjectConfigurationPlatforms) = postSolution
		{D60C0EC1-7756-478A-90E1-0D1ADD601A45}.Debug|Any CPU.ActiveCfg = Debug|Any CPU
		{D60C0EC1-7756-478A-90E1-0D1ADD601A45}.Debug|Any CPU.Build.0 = Debug|Any CPU
		{D60C0EC1-7756-478A-90E1-0D1ADD601A45}.Release|Any CPU.ActiveCfg = Release|Any CPU
		{D60C0EC1-7756-478A-90E1-0D1ADD601A45}.Release|Any CPU.Build.0 = Release|Any CPU
		{0B9E3614-C38D-4737-A464-0CCDEABBE30C}.Debug|Any CPU.ActiveCfg = Debug|Any CPU
		{0B9E3614-C38D-4737-A464-0CCDEABBE30C}.Debug|Any CPU.Build.0 = Debug|Any CPU
		{0B9E3614-C38D-4737-A464-0CCDEABBE30C}.Release|Any CPU.ActiveCfg = Release|Any CPU
		{0B9E3614-C38D-4737-A464-0CCDEABBE30C}.Release|Any CPU.Build.0 = Release|Any CPU
		{0F1994CE-5D85-4BFD-B7A5-2A37F2E2467C}.Debug|Any CPU.ActiveCfg = Debug|Any CPU
		{0F1994CE-5D85-4BFD-B7A5-2A37F2E2467C}.Debug|Any CPU.Build.0 = Debug|Any CPU
		{0F1994CE-5D85-4BFD-B7A5-2A37F2E2467C}.Release|Any CPU.ActiveCfg = Release|Any CPU
		{0F1994CE-5D85-4BFD-B7A5-2A37F2E2467C}.Release|Any CPU.Build.0 = Release|Any CPU
		{B90219D7-361E-4974-AC5F-9DFBFFA65A06}.Debug|Any CPU.ActiveCfg = Debug|Any CPU
		{B90219D7-361E-4974-AC5F-9DFBFFA65A06}.Debug|Any CPU.Build.0 = Debug|Any CPU
		{B90219D7-361E-4974-AC5F-9DFBFFA65A06}.Release|Any CPU.ActiveCfg = Release|Any CPU
		{B90219D7-361E-4974-AC5F-9DFBFFA65A06}.Release|Any CPU.Build.0 = Release|Any CPU
		{402443ED-6A5A-472D-979A-C0096F83E687}.Debug|Any CPU.ActiveCfg = Debug|Any CPU
		{402443ED-6A5A-472D-979A-C0096F83E687}.Debug|Any CPU.Build.0 = Debug|Any CPU
		{402443ED-6A5A-472D-979A-C0096F83E687}.Release|Any CPU.ActiveCfg = Release|Any CPU
		{402443ED-6A5A-472D-979A-C0096F83E687}.Release|Any CPU.Build.0 = Release|Any CPU
		{3B3B514B-4B52-46D7-8A23-A2A252D450C6}.Debug|Any CPU.ActiveCfg = Debug|Any CPU
		{3B3B514B-4B52-46D7-8A23-A2A252D450C6}.Debug|Any CPU.Build.0 = Debug|Any CPU
		{3B3B514B-4B52-46D7-8A23-A2A252D450C6}.Release|Any CPU.ActiveCfg = Release|Any CPU
		{3B3B514B-4B52-46D7-8A23-A2A252D450C6}.Release|Any CPU.Build.0 = Release|Any CPU
	EndGlobalSection
	GlobalSection(SolutionProperties) = preSolution
		HideSolutionNode = FALSE
	EndGlobalSection
	GlobalSection(ExtensibilityGlobals) = postSolution
		SolutionGuid = {59725E37-075C-4C23-ADA4-7456CE8608E2}
	EndGlobalSection
EndGlobal
